# Generated by pub
# See https://dart.dev/tools/pub/glossary#lockfile
packages:
  clock:
    dependency: transitive
    description:
      name: clock
      url: "https://pub.dartlang.org"
    source: hosted
    version: "1.1.0"
  collection:
    dependency: transitive
    description:
      name: collection
      url: "https://pub.dartlang.org"
    source: hosted
    version: "1.15.0"
  dart_random_choice:
    dependency: "direct main"
    description:
      name: dart_random_choice
      url: "https://pub.dartlang.org"
    source: hosted
    version: "0.1.0-nullsafety.0"
  decimal:
    dependency: "direct main"
    description:
      name: decimal
      url: "https://pub.dartlang.org"
    source: hosted
    version: "2.1.0"
  equations:
    dependency: "direct main"
    description:
      name: equations
      url: "https://pub.dartlang.org"
    source: hosted
    version: "3.2.0"
  expressions:
    dependency: "direct main"
    description:
      name: expressions
      url: "https://pub.dartlang.org"
    source: hosted
    version: "0.2.3"
  fake_async:
    dependency: transitive
    description:
      name: fake_async
      url: "https://pub.dartlang.org"
    source: hosted
    version: "1.2.0"
  fraction:
    dependency: transitive
    description:
      name: fraction
      url: "https://pub.dartlang.org"
    source: hosted
    version: "4.0.1"
  lints:
    dependency: "direct dev"
    description:
      name: lints
      url: "https://pub.dartlang.org"
    source: hosted
    version: "1.0.1"
  matcher:
    dependency: transitive
    description:
      name: matcher
      url: "https://pub.dartlang.org"
    source: hosted
    version: "0.12.11"
  meta:
    dependency: transitive
    description:
      name: meta
      url: "https://pub.dartlang.org"
    source: hosted
    version: "1.7.0"
  path:
    dependency: transitive
    description:
      name: path
      url: "https://pub.dartlang.org"
    source: hosted
    version: "1.8.1"
  petitparser:
    dependency: transitive
    description:
      name: petitparser
      url: "https://pub.dartlang.org"
    source: hosted
    version: "4.4.0"
  quiver:
    dependency: transitive
    description:
      name: quiver
      url: "https://pub.dartlang.org"
    source: hosted
    version: "3.0.1+1"
  rational:
    dependency: transitive
    description:
      name: rational
      url: "https://pub.dartlang.org"
    source: hosted
    version: "2.1.0"
  rxdart:
    dependency: transitive
    description:
      name: rxdart
      url: "https://pub.dartlang.org"
    source: hosted
    version: "0.27.3"
  stack_trace:
    dependency: transitive
    description:
      name: stack_trace
      url: "https://pub.dartlang.org"
    source: hosted
    version: "1.10.0"
sdks:
  dart: ">=2.14.4 <3.0.0"
